Microsoft Visual Studio Solution File, Format Version 12.00
# Visual Studio Version 17
VisualStudioVersion = 17.0.31903.59
MinimumVisualStudioVersion = 10.0.40219.1
Project("{9A19103F-16F7-4668-BE54-9A1E7A4F7556}") = "WPFNode.Core", "WPFNode.Core\WPFNode.Core.csproj", "{1234A123-1234-1234-1234-123456789ABC}"
EndProject
Project("{9A19103F-16F7-4668-BE54-9A1E7A4F7556}") = "WPFNode.Controls", "WPFNode.Controls\WPFNode.Controls.csproj", "{2345B234-2345-2345-2345-234567891BCD}"
EndProject
Project("{9A19103F-16F7-4668-BE54-9A1E7A4F7556}") = "WPFNode.Demo", "WPFNode.Demo\WPFNode.Demo.csproj", "{3456C345-3456-3456-3456-345678912CDE}"
EndProject
Project("{9A19103F-16F7-4668-BE54-9A1E7A4F7556}") = "WPFNode.Plugins.Basic", "WPFNode.Plugins.Basic\WPFNode.Plugins.Basic.csproj", "{4567D456-4567-4567-4567-456789123DEF}"
EndProject
Project("{9A19103F-16F7-4668-BE54-9A1E7A4F7556}") = "WPFNode.Abstractions", "WPFNode.Abstractions\WPFNode.Abstractions.csproj", "{71DC9E67-05C3-4C78-9854-67F10384DB5D}"
EndProject
Project("{9A19103F-16F7-4668-BE54-9A1E7A4F7556}") = "WPFNode.Tests", "WPFNode.Tests\WPFNode.Tests.csproj", "{00000000-0000-0000-0000-000000000000}"
EndProject
Project("{FAE04EC0-301F-11D3-BF4B-00C04F79EFBC}") = "WPFNode.Serialization", "WPFNode.Serialization\WPFNode.Serialization.csproj", "{9389CCC8-801C-4D41-8800-CACAB96D6803}"
EndProject
Global
	GlobalSection(SolutionConfigurationPlatforms) = preSolution
		Debug|Any CPU = Debug|Any CPU
		Release|Any CPU = Release|Any CPU
	EndGlobalSection
	GlobalSection(ProjectConfigurationPlatforms) = postSolution
		{1234A123-1234-1234-1234-123456789ABC}.Debug|Any CPU.ActiveCfg = Debug|Any CPU
		{1234A123-1234-1234-1234-123456789ABC}.Debug|Any CPU.Build.0 = Debug|Any CPU
		{1234A123-1234-1234-1234-123456789ABC}.Release|Any CPU.ActiveCfg = Release|Any CPU
		{1234A123-1234-1234-1234-123456789ABC}.Release|Any CPU.Build.0 = Release|Any CPU
		{2345B234-2345-2345-2345-234567891BCD}.Debug|Any CPU.ActiveCfg = Debug|Any CPU
		{2345B234-2345-2345-2345-234567891BCD}.Debug|Any CPU.Build.0 = Debug|Any CPU
		{2345B234-2345-2345-2345-234567891BCD}.Release|Any CPU.ActiveCfg = Release|Any CPU
		{2345B234-2345-2345-2345-234567891BCD}.Release|Any CPU.Build.0 = Release|Any CPU
		{3456C345-3456-3456-3456-345678912CDE}.Debug|Any CPU.ActiveCfg = Debug|Any CPU
		{3456C345-3456-3456-3456-345678912CDE}.Debug|Any CPU.Build.0 = Debug|Any CPU
		{3456C345-3456-3456-3456-345678912CDE}.Release|Any CPU.ActiveCfg = Release|Any CPU
		{3456C345-3456-3456-3456-345678912CDE}.Release|Any CPU.Build.0 = Release|Any CPU
		{4567D456-4567-4567-4567-456789123DEF}.Debug|Any CPU.ActiveCfg = Debug|Any CPU
		{4567D456-4567-4567-4567-456789123DEF}.Debug|Any CPU.Build.0 = Debug|Any CPU
		{4567D456-4567-4567-4567-456789123DEF}.Release|Any CPU.ActiveCfg = Release|Any CPU
		{4567D456-4567-4567-4567-456789123DEF}.Release|Any CPU.Build.0 = Release|Any CPU
		{71DC9E67-05C3-4C78-9854-67F10384DB5D}.Debug|Any CPU.ActiveCfg = Debug|Any CPU
		{71DC9E67-05C3-4C78-9854-67F10384DB5D}.Debug|Any CPU.Build.0 = Debug|Any CPU
		{71DC9E67-05C3-4C78-9854-67F10384DB5D}.Release|Any CPU.ActiveCfg = Release|Any CPU
		{71DC9E67-05C3-4C78-9854-67F10384DB5D}.Release|Any CPU.Build.0 = Release|Any CPU
		{5678E567-5678-5678-5678-567890134EFG}.Debug|Any CPU.ActiveCfg = Debug|Any CPU
		{5678E567-5678-5678-5678-567890134EFG}.Debug|Any CPU.Build.0 = Debug|Any CPU
		{5678E567-5678-5678-5678-567890134EFG}.Release|Any CPU.ActiveCfg = Release|Any CPU
		{5678E567-5678-5678-5678-567890134EFG}.Release|Any CPU.Build.0 = Release|Any CPU
		{9389CCC8-801C-4D41-8800-CACAB96D6803}.Debug|Any CPU.ActiveCfg = Debug|Any CPU
		{9389CCC8-801C-4D41-8800-CACAB96D6803}.Debug|Any CPU.Build.0 = Debug|Any CPU
		{9389CCC8-801C-4D41-8800-CACAB96D6803}.Release|Any CPU.ActiveCfg = Release|Any CPU
		{9389CCC8-801C-4D41-8800-CACAB96D6803}.Release|Any CPU.Build.0 = Release|Any CPU
	EndGlobalSection
	GlobalSection(SolutionProperties) = preSolution
		HideSolutionNode = FALSE
	EndGlobalSection
	GlobalSection(ExtensibilityGlobals) = postSolution
		SolutionGuid = {7890G789-7890-7890-7890-789012345GHI}
	EndGlobalSection
EndGlobal
